
Microsoft Visual Studio Solution File, Format Version 12.00
# RemObjects Fire
Project("{656346D9-4656-40DA-A068-22D5425D4639}") = "CodegGen4 (.NET)", "CodeGen4\CodeGen4.Echoes.elements", "{2C3408F4-2270-4310-9A38-6A5296129576}"
EndProject
Project("{656346D9-4656-40DA-A068-22D5425D4639}") = "CodegGen4 (Shared)", "CodeGen4\Codegen4.Shared.elements", "{615FC69D-8D8A-4996-9D58-B042CD883941}"
EndProject
Project("{656346D9-4656-40DA-A068-22D5425D4639}") = "Importer", "Importer\Importer.elements", "{96B323D7-E89E-4A28-A6D3-050ACB2AA50E}"
EndProject
Project("{656346D9-4656-40DA-A068-22D5425D4639}") = "LibMono (Import)", "LibMono (Import).elements", "{BA07E348-1D49-454F-AE2D-AB6AB8821206}"
EndProject
Project("{656346D9-4656-40DA-A068-22D5425D4639}") = "RemObjects.Marzipan", "RemObjects.Marzipan.elements", "{B8A8B4BB-61D3-49B0-BAFE-99016E5B3225}"
EndProject
Global
	GlobalSection(SolutionConfigurationPlatforms) = preSolution
		Debug|AnyCPU = Debug|AnyCPU
		Release|AnyCPU = Release|AnyCPU
	EndGlobalSection
	GlobalSection(ProjectConfigurationPlatforms) = postSolution
		{2C3408F4-2270-4310-9A38-6A5296129576}.Debug|AnyCPU.ActiveCfg = Debug|AnyCPU
		{2C3408F4-2270-4310-9A38-6A5296129576}.Debug|AnyCPU.Build.0 = Debug|AnyCPU
		{2C3408F4-2270-4310-9A38-6A5296129576}.Release|AnyCPU.ActiveCfg = Release|AnyCPU
		{2C3408F4-2270-4310-9A38-6A5296129576}.Release|AnyCPU.Build.0 = Release|AnyCPU
		{96B323D7-E89E-4A28-A6D3-050ACB2AA50E}.Debug|AnyCPU.ActiveCfg = Debug|AnyCPU
		{96B323D7-E89E-4A28-A6D3-050ACB2AA50E}.Debug|AnyCPU.Build.0 = Debug|AnyCPU
		{96B323D7-E89E-4A28-A6D3-050ACB2AA50E}.Release|AnyCPU.ActiveCfg = Release|AnyCPU
		{96B323D7-E89E-4A28-A6D3-050ACB2AA50E}.Release|AnyCPU.Build.0 = Release|AnyCPU
		{BA07E348-1D49-454F-AE2D-AB6AB8821206}.Debug|AnyCPU.ActiveCfg = Debug|AnyCPU
		{BA07E348-1D49-454F-AE2D-AB6AB8821206}.Debug|AnyCPU.Build.0 = Debug|AnyCPU
		{BA07E348-1D49-454F-AE2D-AB6AB8821206}.Release|AnyCPU.ActiveCfg = Release|AnyCPU
		{BA07E348-1D49-454F-AE2D-AB6AB8821206}.Release|AnyCPU.Build.0 = Release|AnyCPU
		{B8A8B4BB-61D3-49B0-BAFE-99016E5B3225}.Debug|AnyCPU.ActiveCfg = Debug|AnyCPU
		{B8A8B4BB-61D3-49B0-BAFE-99016E5B3225}.Debug|AnyCPU.Build.0 = Debug|AnyCPU
		{B8A8B4BB-61D3-49B0-BAFE-99016E5B3225}.Release|AnyCPU.ActiveCfg = Release|AnyCPU
		{B8A8B4BB-61D3-49B0-BAFE-99016E5B3225}.Release|AnyCPU.Build.0 = Release|AnyCPU
	EndGlobalSection
	GlobalSection(SolutionProperties) = preSolution
		HideSolutionNode = FALSE
	EndGlobalSection
EndGlobal